
Microsoft Visual Studio Solution File, Format Version 12.00
# Visual Studio Version 17
VisualStudioVersion = 17.7.34221.43
MinimumVisualStudioVersion = 10.0.40219.1
Project("{8BC9CEB8-8B4A-11D0-8D11-00A0C91BC942}") = "Shop", "Shop\Shop.vcxproj", "{CF8F6129-2132-43B8-A2F9-1DA13DC2970A}"
EndProject
Global
	GlobalSection(SolutionConfigurationPlatforms) = preSolution
		Debug|x64 = Debug|x64
		Debug|x86 = Debug|x86
		Release|x64 = Release|x64
		Release|x86 = Release|x86
	EndGlobalSection
	GlobalSection(ProjectConfigurationPlatforms) = postSolution
		{CF8F6129-2132-43B8-A2F9-1DA13DC2970A}.Debug|x64.ActiveCfg = Debug|x64
		{CF8F6129-2132-43B8-A2F9-1DA13DC2970A}.Debug|x64.Build.0 = Debug|x64
		{CF8F6129-2132-43B8-A2F9-1DA13DC2970A}.Debug|x86.ActiveCfg = Debug|Win32
		{CF8F6129-2132-43B8-A2F9-1DA13DC2970A}.Debug|x86.Build.0 = Debug|Win32
		{CF8F6129-2132-43B8-A2F9-1DA13DC2970A}.Release|x64.ActiveCfg = Release|x64
		{CF8F6129-2132-43B8-A2F9-1DA13DC2970A}.Release|x64.Build.0 = Release|x64
		{CF8F6129-2132-43B8-A2F9-1DA13DC2970A}.Release|x86.ActiveCfg = Release|Win32
		{CF8F6129-2132-43B8-A2F9-1DA13DC2970A}.Release|x86.Build.0 = Release|Win32
	EndGlobalSection
	GlobalSection(SolutionProperties) = preSolution
		HideSolutionNode = FALSE
	EndGlobalSection
	GlobalSection(ExtensibilityGlobals) = postSolution
		SolutionGuid = {5E26988E-6B15-47D7-BCD5-39E2EA11AAA6}
	EndGlobalSection
EndGlobal
