
Microsoft Visual Studio Solution File, Format Version 12.00
# Visual Studio Version 17
VisualStudioVersion = 17.11.35327.3
MinimumVisualStudioVersion = 10.0.40219.1
Project("{8BC9CEB8-8B4A-11D0-8D11-00A0C91BC942}") = "Day11", "Day11.vcxproj", "{010FC5F9-CFEB-43A0-BA3A-1E1DCBFA115A}"
EndProject
Project("{8BC9CEB8-8B4A-11D0-8D11-00A0C91BC942}") = "20241122_Shop", "..\20241122_Shop\20241122_Shop.vcxproj", "{F6322484-4BA3-4ECA-8596-76C65775FF85}"
EndProject
Global
	GlobalSection(SolutionConfigurationPlatforms) = preSolution
		Debug|x64 = Debug|x64
		Debug|x86 = Debug|x86
		Release|x64 = Release|x64
		Release|x86 = Release|x86
	EndGlobalSection
	GlobalSection(ProjectConfigurationPlatforms) = postSolution
		{010FC5F9-CFEB-43A0-BA3A-1E1DCBFA115A}.Debug|x64.ActiveCfg = Debug|x64
		{010FC5F9-CFEB-43A0-BA3A-1E1DCBFA115A}.Debug|x64.Build.0 = Debug|x64
		{010FC5F9-CFEB-43A0-BA3A-1E1DCBFA115A}.Debug|x86.ActiveCfg = Debug|Win32
		{010FC5F9-CFEB-43A0-BA3A-1E1DCBFA115A}.Debug|x86.Build.0 = Debug|Win32
		{010FC5F9-CFEB-43A0-BA3A-1E1DCBFA115A}.Release|x64.ActiveCfg = Release|x64
		{010FC5F9-CFEB-43A0-BA3A-1E1DCBFA115A}.Release|x64.Build.0 = Release|x64
		{010FC5F9-CFEB-43A0-BA3A-1E1DCBFA115A}.Release|x86.ActiveCfg = Release|Win32
		{010FC5F9-CFEB-43A0-BA3A-1E1DCBFA115A}.Release|x86.Build.0 = Release|Win32
		{F6322484-4BA3-4ECA-8596-76C65775FF85}.Debug|x64.ActiveCfg = Debug|x64
		{F6322484-4BA3-4ECA-8596-76C65775FF85}.Debug|x64.Build.0 = Debug|x64
		{F6322484-4BA3-4ECA-8596-76C65775FF85}.Debug|x86.ActiveCfg = Debug|Win32
		{F6322484-4BA3-4ECA-8596-76C65775FF85}.Debug|x86.Build.0 = Debug|Win32
		{F6322484-4BA3-4ECA-8596-76C65775FF85}.Release|x64.ActiveCfg = Release|x64
		{F6322484-4BA3-4ECA-8596-76C65775FF85}.Release|x64.Build.0 = Release|x64
		{F6322484-4BA3-4ECA-8596-76C65775FF85}.Release|x86.ActiveCfg = Release|Win32
		{F6322484-4BA3-4ECA-8596-76C65775FF85}.Release|x86.Build.0 = Release|Win32
	EndGlobalSection
	GlobalSection(SolutionProperties) = preSolution
		HideSolutionNode = FALSE
	EndGlobalSection
	GlobalSection(ExtensibilityGlobals) = postSolution
		SolutionGuid = {7ED9EE95-ADBA-4534-96FB-AF42B7D38186}
	EndGlobalSection
EndGlobal
