
Microsoft Visual Studio Solution File, Format Version 12.00
# Visual Studio Version 17
VisualStudioVersion = 17.11.35327.3
MinimumVisualStudioVersion = 10.0.40219.1
Project("{8BC9CEB8-8B4A-11D0-8D11-00A0C91BC942}") = "Day01", "Day01.vcxproj", "{C5757A6A-3904-43B8-959B-2DCB54370FB6}"
EndProject
Global
	GlobalSection(SolutionConfigurationPlatforms) = preSolution
		Debug|x64 = Debug|x64
		Debug|x86 = Debug|x86
		Release|x64 = Release|x64
		Release|x86 = Release|x86
	EndGlobalSection
	GlobalSection(ProjectConfigurationPlatforms) = postSolution
		{C5757A6A-3904-43B8-959B-2DCB54370FB6}.Debug|x64.ActiveCfg = Debug|x64
		{C5757A6A-3904-43B8-959B-2DCB54370FB6}.Debug|x64.Build.0 = Debug|x64
		{C5757A6A-3904-43B8-959B-2DCB54370FB6}.Debug|x86.ActiveCfg = Debug|Win32
		{C5757A6A-3904-43B8-959B-2DCB54370FB6}.Debug|x86.Build.0 = Debug|Win32
		{C5757A6A-3904-43B8-959B-2DCB54370FB6}.Release|x64.ActiveCfg = Release|x64
		{C5757A6A-3904-43B8-959B-2DCB54370FB6}.Release|x64.Build.0 = Release|x64
		{C5757A6A-3904-43B8-959B-2DCB54370FB6}.Release|x86.ActiveCfg = Release|Win32
		{C5757A6A-3904-43B8-959B-2DCB54370FB6}.Release|x86.Build.0 = Release|Win32
	EndGlobalSection
	GlobalSection(SolutionProperties) = preSolution
		HideSolutionNode = FALSE
	EndGlobalSection
	GlobalSection(ExtensibilityGlobals) = postSolution
		SolutionGuid = {1503F513-ECC2-44A3-8C73-DCAA3ECE06C6}
	EndGlobalSection
EndGlobal
